
Microsoft Visual Studio Solution File, Format Version 12.00
# Visual Studio 15
VisualStudioVersion = 15.0.28307.1500
MinimumVisualStudioVersion = 10.0.40219.1
Project("{FAE04EC0-301F-11D3-BF4B-00C04F79EFBC}") = "MVCCoreDemo", "MVCCoreDemo\MVCCoreDemo.csproj", "{D7AA6A9F-FA38-4FB2-991F-2180C0C36ACC}"
EndProject
Global
	GlobalSection(SolutionConfigurationPlatforms) = preSolution
		Debug|Any CPU = Debug|Any CPU
		Release|Any CPU = Release|Any CPU
	EndGlobalSection
	GlobalSection(ProjectConfigurationPlatforms) = postSolution
		{D7AA6A9F-FA38-4FB2-991F-2180C0C36ACC}.Debug|Any CPU.ActiveCfg = Debug|Any CPU
		{D7AA6A9F-FA38-4FB2-991F-2180C0C36ACC}.Debug|Any CPU.Build.0 = Debug|Any CPU
		{D7AA6A9F-FA38-4FB2-991F-2180C0C36ACC}.Release|Any CPU.ActiveCfg = Release|Any CPU
		{D7AA6A9F-FA38-4FB2-991F-2180C0C36ACC}.Release|Any CPU.Build.0 = Release|Any CPU
	EndGlobalSection
	GlobalSection(SolutionProperties) = preSolution
		HideSolutionNode = FALSE
	EndGlobalSection
	GlobalSection(ExtensibilityGlobals) = postSolution
		SolutionGuid = {48FD4C22-AB17-452C-8577-45EAF55F13E4}
	EndGlobalSection
EndGlobal
